
Microsoft Visual Studio Solution File, Format Version 12.00
# Visual Studio Version 16
VisualStudioVersion = 16.0.31424.327
MinimumVisualStudioVersion = 10.0.40219.1
Project("{FAE04EC0-301F-11D3-BF4B-00C04F79EFBC}") = "UPBot", "UPBot.csproj", "{BC7DB5DA-E2FA-4F77-8A9C-A5451977B14E}"
EndProject
Global
	GlobalSection(SolutionConfigurationPlatforms) = preSolution
		Debug|Any CPU = Debug|Any CPU
		Release|Any CPU = Release|Any CPU
	EndGlobalSection
	GlobalSection(ProjectConfigurationPlatforms) = postSolution
		{BC7DB5DA-E2FA-4F77-8A9C-A5451977B14E}.Debug|Any CPU.ActiveCfg = Debug|Any CPU
		{BC7DB5DA-E2FA-4F77-8A9C-A5451977B14E}.Debug|Any CPU.Build.0 = Debug|Any CPU
		{BC7DB5DA-E2FA-4F77-8A9C-A5451977B14E}.Release|Any CPU.ActiveCfg = Release|Any CPU
		{BC7DB5DA-E2FA-4F77-8A9C-A5451977B14E}.Release|Any CPU.Build.0 = Release|Any CPU
	EndGlobalSection
	GlobalSection(SolutionProperties) = preSolution
		HideSolutionNode = FALSE
	EndGlobalSection
	GlobalSection(ExtensibilityGlobals) = postSolution
		SolutionGuid = {4B89AD98-8C6C-41B6-8519-2D2727EE4EA1}
	EndGlobalSection
EndGlobal
